
Microsoft Visual Studio Solution File, Format Version 12.00
# Visual Studio Version 17
VisualStudioVersion = 17.11.35312.102
MinimumVisualStudioVersion = 10.0.40219.1
Project("{FAE04EC0-301F-11D3-BF4B-00C04F79EFBC}") = "stackqueue", "stackqueue\stackqueue.csproj", "{D446478E-6AEE-4951-BF6D-874D1190AD4D}"
EndProject
Global
	GlobalSection(SolutionConfigurationPlatforms) = preSolution
		Debug|Any CPU = Debug|Any CPU
		Release|Any CPU = Release|Any CPU
	EndGlobalSection
	GlobalSection(ProjectConfigurationPlatforms) = postSolution
		{D446478E-6AEE-4951-BF6D-874D1190AD4D}.Debug|Any CPU.ActiveCfg = Debug|Any CPU
		{D446478E-6AEE-4951-BF6D-874D1190AD4D}.Debug|Any CPU.Build.0 = Debug|Any CPU
		{D446478E-6AEE-4951-BF6D-874D1190AD4D}.Release|Any CPU.ActiveCfg = Release|Any CPU
		{D446478E-6AEE-4951-BF6D-874D1190AD4D}.Release|Any CPU.Build.0 = Release|Any CPU
	EndGlobalSection
	GlobalSection(SolutionProperties) = preSolution
		HideSolutionNode = FALSE
	EndGlobalSection
	GlobalSection(ExtensibilityGlobals) = postSolution
		SolutionGuid = {8DFE3AF7-998E-4794-83A9-8A2D21AB8CE1}
	EndGlobalSection
EndGlobal
